
Microsoft Visual Studio Solution File, Format Version 12.00
# Visual Studio 2012
Project("{FAE04EC0-301F-11D3-BF4B-00C04F79EFBC}") = "XamarinDevDay", "XamarinDevDay\XamarinDevDay.csproj", "{21D45D2B-041B-417F-84BA-914A426AE7CB}"
EndProject
Project("{FAE04EC0-301F-11D3-BF4B-00C04F79EFBC}") = "XamarinDevDay.iOS", "iOS\XamarinDevDay.iOS.csproj", "{873B6316-610F-4638-8A9F-2AA63496F172}"
EndProject
Project("{FAE04EC0-301F-11D3-BF4B-00C04F79EFBC}") = "XamarinDevDay.Droid", "Droid\XamarinDevDay.Droid.csproj", "{9CD90E66-D80F-46C4-9AC3-B760DCB547AF}"
EndProject
Global
	GlobalSection(SolutionConfigurationPlatforms) = preSolution
		Debug|Any CPU = Debug|Any CPU
		Release|Any CPU = Release|Any CPU
		Debug|iPhoneSimulator = Debug|iPhoneSimulator
		Release|iPhone = Release|iPhone
		Release|iPhoneSimulator = Release|iPhoneSimulator
		Debug|iPhone = Debug|iPhone
	EndGlobalSection
	GlobalSection(ProjectConfigurationPlatforms) = postSolution
		{21D45D2B-041B-417F-84BA-914A426AE7CB}.Debug|Any CPU.ActiveCfg = Debug|Any CPU
		{21D45D2B-041B-417F-84BA-914A426AE7CB}.Debug|Any CPU.Build.0 = Debug|Any CPU
		{21D45D2B-041B-417F-84BA-914A426AE7CB}.Release|Any CPU.ActiveCfg = Release|Any CPU
		{21D45D2B-041B-417F-84BA-914A426AE7CB}.Release|Any CPU.Build.0 = Release|Any CPU
		{21D45D2B-041B-417F-84BA-914A426AE7CB}.Debug|iPhoneSimulator.ActiveCfg = Debug|Any CPU
		{21D45D2B-041B-417F-84BA-914A426AE7CB}.Debug|iPhoneSimulator.Build.0 = Debug|Any CPU
		{21D45D2B-041B-417F-84BA-914A426AE7CB}.Release|iPhone.ActiveCfg = Release|Any CPU
		{21D45D2B-041B-417F-84BA-914A426AE7CB}.Release|iPhone.Build.0 = Release|Any CPU
		{21D45D2B-041B-417F-84BA-914A426AE7CB}.Release|iPhoneSimulator.ActiveCfg = Release|Any CPU
		{21D45D2B-041B-417F-84BA-914A426AE7CB}.Release|iPhoneSimulator.Build.0 = Release|Any CPU
		{21D45D2B-041B-417F-84BA-914A426AE7CB}.Debug|iPhone.ActiveCfg = Debug|Any CPU
		{21D45D2B-041B-417F-84BA-914A426AE7CB}.Debug|iPhone.Build.0 = Debug|Any CPU
		{873B6316-610F-4638-8A9F-2AA63496F172}.Debug|Any CPU.ActiveCfg = Debug|iPhoneSimulator
		{873B6316-610F-4638-8A9F-2AA63496F172}.Debug|Any CPU.Build.0 = Debug|iPhoneSimulator
		{873B6316-610F-4638-8A9F-2AA63496F172}.Release|Any CPU.ActiveCfg = Release|iPhone
		{873B6316-610F-4638-8A9F-2AA63496F172}.Release|Any CPU.Build.0 = Release|iPhone
		{873B6316-610F-4638-8A9F-2AA63496F172}.Debug|iPhoneSimulator.ActiveCfg = Debug|iPhoneSimulator
		{873B6316-610F-4638-8A9F-2AA63496F172}.Debug|iPhoneSimulator.Build.0 = Debug|iPhoneSimulator
		{873B6316-610F-4638-8A9F-2AA63496F172}.Release|iPhone.ActiveCfg = Release|iPhone
		{873B6316-610F-4638-8A9F-2AA63496F172}.Release|iPhone.Build.0 = Release|iPhone
		{873B6316-610F-4638-8A9F-2AA63496F172}.Release|iPhoneSimulator.ActiveCfg = Release|iPhoneSimulator
		{873B6316-610F-4638-8A9F-2AA63496F172}.Release|iPhoneSimulator.Build.0 = Release|iPhoneSimulator
		{873B6316-610F-4638-8A9F-2AA63496F172}.Debug|iPhone.ActiveCfg = Debug|iPhone
		{873B6316-610F-4638-8A9F-2AA63496F172}.Debug|iPhone.Build.0 = Debug|iPhone
		{9CD90E66-D80F-46C4-9AC3-B760DCB547AF}.Debug|Any CPU.ActiveCfg = Debug|Any CPU
		{9CD90E66-D80F-46C4-9AC3-B760DCB547AF}.Debug|Any CPU.Build.0 = Debug|Any CPU
		{9CD90E66-D80F-46C4-9AC3-B760DCB547AF}.Release|Any CPU.ActiveCfg = Release|Any CPU
		{9CD90E66-D80F-46C4-9AC3-B760DCB547AF}.Release|Any CPU.Build.0 = Release|Any CPU
		{9CD90E66-D80F-46C4-9AC3-B760DCB547AF}.Debug|iPhoneSimulator.ActiveCfg = Debug|Any CPU
		{9CD90E66-D80F-46C4-9AC3-B760DCB547AF}.Debug|iPhoneSimulator.Build.0 = Debug|Any CPU
		{9CD90E66-D80F-46C4-9AC3-B760DCB547AF}.Release|iPhone.ActiveCfg = Release|Any CPU
		{9CD90E66-D80F-46C4-9AC3-B760DCB547AF}.Release|iPhone.Build.0 = Release|Any CPU
		{9CD90E66-D80F-46C4-9AC3-B760DCB547AF}.Release|iPhoneSimulator.ActiveCfg = Release|Any CPU
		{9CD90E66-D80F-46C4-9AC3-B760DCB547AF}.Release|iPhoneSimulator.Build.0 = Release|Any CPU
		{9CD90E66-D80F-46C4-9AC3-B760DCB547AF}.Debug|iPhone.ActiveCfg = Debug|Any CPU
		{9CD90E66-D80F-46C4-9AC3-B760DCB547AF}.Debug|iPhone.Build.0 = Debug|Any CPU
	EndGlobalSection
EndGlobal
